
Microsoft Visual Studio Solution File, Format Version 12.00
# Visual Studio Version 16
VisualStudioVersion = 16.0.30907.101
MinimumVisualStudioVersion = 10.0.40219.1
Project("{FAE04EC0-301F-11D3-BF4B-00C04F79EFBC}") = "ProyectoNuevoRegistro", "ProyectoNuevoRegistro.csproj", "{4A231F1E-4307-4D77-B0FA-380B7E26904A}"
EndProject
Global
	GlobalSection(SolutionConfigurationPlatforms) = preSolution
		Debug|Any CPU = Debug|Any CPU
		Release|Any CPU = Release|Any CPU
	EndGlobalSection
	GlobalSection(ProjectConfigurationPlatforms) = postSolution
		{4A231F1E-4307-4D77-B0FA-380B7E26904A}.Debug|Any CPU.ActiveCfg = Debug|Any CPU
		{4A231F1E-4307-4D77-B0FA-380B7E26904A}.Debug|Any CPU.Build.0 = Debug|Any CPU
		{4A231F1E-4307-4D77-B0FA-380B7E26904A}.Release|Any CPU.ActiveCfg = Release|Any CPU
		{4A231F1E-4307-4D77-B0FA-380B7E26904A}.Release|Any CPU.Build.0 = Release|Any CPU
	EndGlobalSection
	GlobalSection(SolutionProperties) = preSolution
		HideSolutionNode = FALSE
	EndGlobalSection
	GlobalSection(ExtensibilityGlobals) = postSolution
		SolutionGuid = {F540514A-7E52-4D56-9C8B-52D7E2803D6A}
	EndGlobalSection
EndGlobal
